{
    "name": "boilerplate-code-django-dashboard",
    "version": "2stable.0.1",
    "lockfileVersion": 2,
    "requires": true,
    "packages": {
        "": {
            "name": "boilerplate-code-django-dashboard",
            "version": "2stable.0.1",
            "devDependencies": {},
            "engines": {
                "node": ">=10.0.0"
            }
        }
    }
}
